
Microsoft Visual Studio Solution File, Format Version 12.00
# Visual Studio Version 16
VisualStudioVersion = 16.0.28803.202
MinimumVisualStudioVersion = 10.0.40219.1
Project("{9A19103F-16F7-4668-BE54-9A1E7A4F7556}") = "RiftDrive.Server", "src\RiftDrive.Server\RiftDrive.Server.csproj", "{5355D357-6E30-43AB-A559-E47B9EBCBA90}"
EndProject
Project("{9A19103F-16F7-4668-BE54-9A1E7A4F7556}") = "RiftDrive.Client", "src\RiftDrive.Client\RiftDrive.Client.csproj", "{22B8D49E-36E0-42F5-B3F6-869F0FCD1780}"
EndProject
Project("{9A19103F-16F7-4668-BE54-9A1E7A4F7556}") = "RiftDrive.Shared.Model", "src\RiftDrive.Shared.Model\RiftDrive.Shared.Model.csproj", "{C0DB0621-3B5B-4098-94FD-6138487062B2}"
EndProject
Project("{2150E333-8FDC-42A3-9474-1A3956D46DE8}") = "src", "src", "{FCD5BBAC-9F19-4228-B452-7E9CA4E8EB43}"
EndProject
Project("{2150E333-8FDC-42A3-9474-1A3956D46DE8}") = "client", "client", "{23FC03EC-29C9-44F5-B821-EEFF2C0001B1}"
EndProject
Project("{2150E333-8FDC-42A3-9474-1A3956D46DE8}") = "server", "server", "{39EB872A-3374-4DCF-97C0-AD56BDB65F5E}"
EndProject
Project("{9A19103F-16F7-4668-BE54-9A1E7A4F7556}") = "RiftDrive.Shared.Provider", "src\RiftDrive.Shared.Provider\RiftDrive.Shared.Provider.csproj", "{C44FA71B-0C2A-4475-B579-58290D1E7BA6}"
EndProject
Project("{9A19103F-16F7-4668-BE54-9A1E7A4F7556}") = "RiftDrive.Server.Model", "src\RiftDrive.Server.Model\RiftDrive.Server.Model.csproj", "{59A036E6-1136-4E86-9C00-F7EA25EE2E85}"
EndProject
Project("{9A19103F-16F7-4668-BE54-9A1E7A4F7556}") = "RiftDrive.Server.Repository", "src\RiftDrive.Server.Repository\RiftDrive.Server.Repository.csproj", "{43E74914-FB98-4948-A3BF-FC5BE787506F}"
EndProject
Project("{9A19103F-16F7-4668-BE54-9A1E7A4F7556}") = "RiftDrive.Server.Service", "src\RiftDrive.Server.Service\RiftDrive.Server.Service.csproj", "{D9939D1B-1468-433D-88EF-0153E34D7FD6}"
EndProject
Project("{9A19103F-16F7-4668-BE54-9A1E7A4F7556}") = "RiftDrive.Client.Model", "src\RiftDrive.Client.Model\RiftDrive.Client.Model.csproj", "{23F07B37-2DD1-4900-BCB4-C1A268360E75}"
EndProject
Project("{9A19103F-16F7-4668-BE54-9A1E7A4F7556}") = "RiftDrive.Client.State", "src\RiftDrive.Client.State\RiftDrive.Client.State.csproj", "{3625A3CE-8C0E-48BA-AC0B-7304AA528F13}"
EndProject
Project("{9A19103F-16F7-4668-BE54-9A1E7A4F7556}") = "RiftDrive.Client.Service", "src\RiftDrive.Client.Service\RiftDrive.Client.Service.csproj", "{653E13BD-E9E9-4FD4-AD89-79FC3EDB15E5}"
EndProject
Project("{2150E333-8FDC-42A3-9474-1A3956D46DE8}") = "test", "test", "{90AF1B1D-9E8F-47D1-AA7D-F50FA8883116}"
EndProject
Project("{2150E333-8FDC-42A3-9474-1A3956D46DE8}") = "Solution Items", "Solution Items", "{93D44653-F916-4FC6-8A75-BBD1C06EC1BC}"
	ProjectSection(SolutionItems) = preProject
		.editorconfig = .editorconfig
		.filenesting.json = .filenesting.json
		.gitignore = .gitignore
		Directory.Build.props = Directory.Build.props
		NOTES.md = NOTES.md
		README.md = README.md
	EndProjectSection
EndProject
Project("{9A19103F-16F7-4668-BE54-9A1E7A4F7556}") = "RiftDrive.Shared.Provider.Tests", "test\RiftDrive.Shared.Provider.Tests\RiftDrive.Shared.Provider.Tests.csproj", "{EECCE6FB-8E6B-4287-AA95-327F6A9F82FF}"
EndProject
Global
	GlobalSection(SolutionConfigurationPlatforms) = preSolution
		Debug|Any CPU = Debug|Any CPU
		Release|Any CPU = Release|Any CPU
	EndGlobalSection
	GlobalSection(ProjectConfigurationPlatforms) = postSolution
		{5355D357-6E30-43AB-A559-E47B9EBCBA90}.Debug|Any CPU.ActiveCfg = Debug|Any CPU
		{5355D357-6E30-43AB-A559-E47B9EBCBA90}.Debug|Any CPU.Build.0 = Debug|Any CPU
		{5355D357-6E30-43AB-A559-E47B9EBCBA90}.Release|Any CPU.ActiveCfg = Release|Any CPU
		{5355D357-6E30-43AB-A559-E47B9EBCBA90}.Release|Any CPU.Build.0 = Release|Any CPU
		{22B8D49E-36E0-42F5-B3F6-869F0FCD1780}.Debug|Any CPU.ActiveCfg = Debug|Any CPU
		{22B8D49E-36E0-42F5-B3F6-869F0FCD1780}.Debug|Any CPU.Build.0 = Debug|Any CPU
		{22B8D49E-36E0-42F5-B3F6-869F0FCD1780}.Release|Any CPU.ActiveCfg = Release|Any CPU
		{22B8D49E-36E0-42F5-B3F6-869F0FCD1780}.Release|Any CPU.Build.0 = Release|Any CPU
		{C0DB0621-3B5B-4098-94FD-6138487062B2}.Debug|Any CPU.ActiveCfg = Debug|Any CPU
		{C0DB0621-3B5B-4098-94FD-6138487062B2}.Debug|Any CPU.Build.0 = Debug|Any CPU
		{C0DB0621-3B5B-4098-94FD-6138487062B2}.Release|Any CPU.ActiveCfg = Release|Any CPU
		{C0DB0621-3B5B-4098-94FD-6138487062B2}.Release|Any CPU.Build.0 = Release|Any CPU
		{C44FA71B-0C2A-4475-B579-58290D1E7BA6}.Debug|Any CPU.ActiveCfg = Debug|Any CPU
		{C44FA71B-0C2A-4475-B579-58290D1E7BA6}.Debug|Any CPU.Build.0 = Debug|Any CPU
		{C44FA71B-0C2A-4475-B579-58290D1E7BA6}.Release|Any CPU.ActiveCfg = Release|Any CPU
		{C44FA71B-0C2A-4475-B579-58290D1E7BA6}.Release|Any CPU.Build.0 = Release|Any CPU
		{59A036E6-1136-4E86-9C00-F7EA25EE2E85}.Debug|Any CPU.ActiveCfg = Debug|Any CPU
		{59A036E6-1136-4E86-9C00-F7EA25EE2E85}.Debug|Any CPU.Build.0 = Debug|Any CPU
		{59A036E6-1136-4E86-9C00-F7EA25EE2E85}.Release|Any CPU.ActiveCfg = Release|Any CPU
		{59A036E6-1136-4E86-9C00-F7EA25EE2E85}.Release|Any CPU.Build.0 = Release|Any CPU
		{43E74914-FB98-4948-A3BF-FC5BE787506F}.Debug|Any CPU.ActiveCfg = Debug|Any CPU
		{43E74914-FB98-4948-A3BF-FC5BE787506F}.Debug|Any CPU.Build.0 = Debug|Any CPU
		{43E74914-FB98-4948-A3BF-FC5BE787506F}.Release|Any CPU.ActiveCfg = Release|Any CPU
		{43E74914-FB98-4948-A3BF-FC5BE787506F}.Release|Any CPU.Build.0 = Release|Any CPU
		{D9939D1B-1468-433D-88EF-0153E34D7FD6}.Debug|Any CPU.ActiveCfg = Debug|Any CPU
		{D9939D1B-1468-433D-88EF-0153E34D7FD6}.Debug|Any CPU.Build.0 = Debug|Any CPU
		{D9939D1B-1468-433D-88EF-0153E34D7FD6}.Release|Any CPU.ActiveCfg = Release|Any CPU
		{D9939D1B-1468-433D-88EF-0153E34D7FD6}.Release|Any CPU.Build.0 = Release|Any CPU
		{23F07B37-2DD1-4900-BCB4-C1A268360E75}.Debug|Any CPU.ActiveCfg = Debug|Any CPU
		{23F07B37-2DD1-4900-BCB4-C1A268360E75}.Debug|Any CPU.Build.0 = Debug|Any CPU
		{23F07B37-2DD1-4900-BCB4-C1A268360E75}.Release|Any CPU.ActiveCfg = Release|Any CPU
		{23F07B37-2DD1-4900-BCB4-C1A268360E75}.Release|Any CPU.Build.0 = Release|Any CPU
		{3625A3CE-8C0E-48BA-AC0B-7304AA528F13}.Debug|Any CPU.ActiveCfg = Debug|Any CPU
		{3625A3CE-8C0E-48BA-AC0B-7304AA528F13}.Debug|Any CPU.Build.0 = Debug|Any CPU
		{3625A3CE-8C0E-48BA-AC0B-7304AA528F13}.Release|Any CPU.ActiveCfg = Release|Any CPU
		{3625A3CE-8C0E-48BA-AC0B-7304AA528F13}.Release|Any CPU.Build.0 = Release|Any CPU
		{653E13BD-E9E9-4FD4-AD89-79FC3EDB15E5}.Debug|Any CPU.ActiveCfg = Debug|Any CPU
		{653E13BD-E9E9-4FD4-AD89-79FC3EDB15E5}.Debug|Any CPU.Build.0 = Debug|Any CPU
		{653E13BD-E9E9-4FD4-AD89-79FC3EDB15E5}.Release|Any CPU.ActiveCfg = Release|Any CPU
		{653E13BD-E9E9-4FD4-AD89-79FC3EDB15E5}.Release|Any CPU.Build.0 = Release|Any CPU
		{EECCE6FB-8E6B-4287-AA95-327F6A9F82FF}.Debug|Any CPU.ActiveCfg = Debug|Any CPU
		{EECCE6FB-8E6B-4287-AA95-327F6A9F82FF}.Debug|Any CPU.Build.0 = Debug|Any CPU
		{EECCE6FB-8E6B-4287-AA95-327F6A9F82FF}.Release|Any CPU.ActiveCfg = Release|Any CPU
		{EECCE6FB-8E6B-4287-AA95-327F6A9F82FF}.Release|Any CPU.Build.0 = Release|Any CPU
	EndGlobalSection
	GlobalSection(SolutionProperties) = preSolution
		HideSolutionNode = FALSE
	EndGlobalSection
	GlobalSection(NestedProjects) = preSolution
		{5355D357-6E30-43AB-A559-E47B9EBCBA90} = {39EB872A-3374-4DCF-97C0-AD56BDB65F5E}
		{22B8D49E-36E0-42F5-B3F6-869F0FCD1780} = {23FC03EC-29C9-44F5-B821-EEFF2C0001B1}
		{C0DB0621-3B5B-4098-94FD-6138487062B2} = {FCD5BBAC-9F19-4228-B452-7E9CA4E8EB43}
		{23FC03EC-29C9-44F5-B821-EEFF2C0001B1} = {FCD5BBAC-9F19-4228-B452-7E9CA4E8EB43}
		{39EB872A-3374-4DCF-97C0-AD56BDB65F5E} = {FCD5BBAC-9F19-4228-B452-7E9CA4E8EB43}
		{C44FA71B-0C2A-4475-B579-58290D1E7BA6} = {FCD5BBAC-9F19-4228-B452-7E9CA4E8EB43}
		{59A036E6-1136-4E86-9C00-F7EA25EE2E85} = {39EB872A-3374-4DCF-97C0-AD56BDB65F5E}
		{43E74914-FB98-4948-A3BF-FC5BE787506F} = {39EB872A-3374-4DCF-97C0-AD56BDB65F5E}
		{D9939D1B-1468-433D-88EF-0153E34D7FD6} = {39EB872A-3374-4DCF-97C0-AD56BDB65F5E}
		{23F07B37-2DD1-4900-BCB4-C1A268360E75} = {23FC03EC-29C9-44F5-B821-EEFF2C0001B1}
		{3625A3CE-8C0E-48BA-AC0B-7304AA528F13} = {23FC03EC-29C9-44F5-B821-EEFF2C0001B1}
		{653E13BD-E9E9-4FD4-AD89-79FC3EDB15E5} = {23FC03EC-29C9-44F5-B821-EEFF2C0001B1}
		{EECCE6FB-8E6B-4287-AA95-327F6A9F82FF} = {90AF1B1D-9E8F-47D1-AA7D-F50FA8883116}
	EndGlobalSection
	GlobalSection(ExtensibilityGlobals) = postSolution
		SolutionGuid = {53BDC3F8-66BE-4BFB-8628-ABFE69E1BB45}
	EndGlobalSection
EndGlobal
