
Microsoft Visual Studio Solution File, Format Version 12.00
# Visual Studio Version 17
VisualStudioVersion = 17.0.31717.71
MinimumVisualStudioVersion = 10.0.40219.1
Project("{9A19103F-16F7-4668-BE54-9A1E7A4F7556}") = "RiftDrive.Server", "src\server\RiftDrive.Server\RiftDrive.Server.csproj", "{2EA98AE6-07B8-46FE-8C91-E20F56A70BC6}"
EndProject
Project("{9A19103F-16F7-4668-BE54-9A1E7A4F7556}") = "RiftDrive.Client", "src\client\RiftDrive.Client\RiftDrive.Client.csproj", "{274CCBC2-58AD-4BD0-9004-37929DFE873A}"
EndProject
Project("{9A19103F-16F7-4668-BE54-9A1E7A4F7556}") = "RiftDrive.Common", "src\common\RiftDrive.Common\RiftDrive.Common.csproj", "{82DC2CF3-1FE9-46CB-B37A-F505046CB92D}"
EndProject
Project("{2150E333-8FDC-42A3-9474-1A3956D46DE8}") = "src", "src", "{5F3305B1-50FF-4ECE-9208-FA515055ECFA}"
EndProject
Project("{2150E333-8FDC-42A3-9474-1A3956D46DE8}") = "client", "client", "{1990882D-1D36-49C9-8F67-06B689E56BD3}"
EndProject
Project("{2150E333-8FDC-42A3-9474-1A3956D46DE8}") = "server", "server", "{130BBA48-2E55-4E7A-986A-55ECE74D3C79}"
EndProject
Project("{2150E333-8FDC-42A3-9474-1A3956D46DE8}") = "common", "common", "{5F825453-62C3-41C9-886A-32462B64CA05}"
EndProject
Project("{9A19103F-16F7-4668-BE54-9A1E7A4F7556}") = "RiftDrive.Server.Services.AWS", "src\server\RiftDrive.Server.Services.AWS\RiftDrive.Server.Services.AWS.csproj", "{8FCA31AE-E1BB-4073-B927-741E0A49F9FC}"
EndProject
Project("{2150E333-8FDC-42A3-9474-1A3956D46DE8}") = "Services", "Services", "{E12659AA-01CF-4940-AB56-7EA70079C828}"
EndProject
Project("{9A19103F-16F7-4668-BE54-9A1E7A4F7556}") = "RiftDrive.Server.Services.Bouncer", "src\server\services\RiftDrive.Server.Services.Bouncer\RiftDrive.Server.Services.Bouncer.csproj", "{C4F5C053-C4B8-4326-AE43-A91517EF1DF6}"
EndProject
Project("{2150E333-8FDC-42A3-9474-1A3956D46DE8}") = "Services", "Services", "{D3B9323C-24AC-410A-B782-85702C7A5FDE}"
EndProject
Project("{9A19103F-16F7-4668-BE54-9A1E7A4F7556}") = "RiftDrive.Client.Services.Identification", "src\client\services\RiftDrive.Client.Services.Identification\RiftDrive.Client.Services.Identification.csproj", "{19F67EBB-6004-4765-8B02-E2C547BFEF25}"
EndProject
Project("{9A19103F-16F7-4668-BE54-9A1E7A4F7556}") = "RiftDrive.Server.Services.PitBoss", "src\server\services\RiftDrive.Server.Services.PitBoss\RiftDrive.Server.Services.PitBoss.csproj", "{F53A4E41-5721-436E-9C09-FE29AB177A52}"
EndProject
Project("{2150E333-8FDC-42A3-9474-1A3956D46DE8}") = "Solution Items", "Solution Items", "{5F559D26-DA4E-4B88-9321-B5EC919B116D}"
	ProjectSection(SolutionItems) = preProject
		.editorconfig = .editorconfig
		.gitignore = .gitignore
		Directory.Build.props = Directory.Build.props
	EndProjectSection
EndProject
Global
	GlobalSection(SolutionConfigurationPlatforms) = preSolution
		Debug|Any CPU = Debug|Any CPU
		Release|Any CPU = Release|Any CPU
	EndGlobalSection
	GlobalSection(ProjectConfigurationPlatforms) = postSolution
		{2EA98AE6-07B8-46FE-8C91-E20F56A70BC6}.Debug|Any CPU.ActiveCfg = Debug|Any CPU
		{2EA98AE6-07B8-46FE-8C91-E20F56A70BC6}.Debug|Any CPU.Build.0 = Debug|Any CPU
		{2EA98AE6-07B8-46FE-8C91-E20F56A70BC6}.Release|Any CPU.ActiveCfg = Release|Any CPU
		{2EA98AE6-07B8-46FE-8C91-E20F56A70BC6}.Release|Any CPU.Build.0 = Release|Any CPU
		{274CCBC2-58AD-4BD0-9004-37929DFE873A}.Debug|Any CPU.ActiveCfg = Debug|Any CPU
		{274CCBC2-58AD-4BD0-9004-37929DFE873A}.Debug|Any CPU.Build.0 = Debug|Any CPU
		{274CCBC2-58AD-4BD0-9004-37929DFE873A}.Release|Any CPU.ActiveCfg = Release|Any CPU
		{274CCBC2-58AD-4BD0-9004-37929DFE873A}.Release|Any CPU.Build.0 = Release|Any CPU
		{82DC2CF3-1FE9-46CB-B37A-F505046CB92D}.Debug|Any CPU.ActiveCfg = Debug|Any CPU
		{82DC2CF3-1FE9-46CB-B37A-F505046CB92D}.Debug|Any CPU.Build.0 = Debug|Any CPU
		{82DC2CF3-1FE9-46CB-B37A-F505046CB92D}.Release|Any CPU.ActiveCfg = Release|Any CPU
		{82DC2CF3-1FE9-46CB-B37A-F505046CB92D}.Release|Any CPU.Build.0 = Release|Any CPU
		{8FCA31AE-E1BB-4073-B927-741E0A49F9FC}.Debug|Any CPU.ActiveCfg = Debug|Any CPU
		{8FCA31AE-E1BB-4073-B927-741E0A49F9FC}.Debug|Any CPU.Build.0 = Debug|Any CPU
		{8FCA31AE-E1BB-4073-B927-741E0A49F9FC}.Release|Any CPU.ActiveCfg = Release|Any CPU
		{8FCA31AE-E1BB-4073-B927-741E0A49F9FC}.Release|Any CPU.Build.0 = Release|Any CPU
		{C4F5C053-C4B8-4326-AE43-A91517EF1DF6}.Debug|Any CPU.ActiveCfg = Debug|Any CPU
		{C4F5C053-C4B8-4326-AE43-A91517EF1DF6}.Debug|Any CPU.Build.0 = Debug|Any CPU
		{C4F5C053-C4B8-4326-AE43-A91517EF1DF6}.Release|Any CPU.ActiveCfg = Release|Any CPU
		{C4F5C053-C4B8-4326-AE43-A91517EF1DF6}.Release|Any CPU.Build.0 = Release|Any CPU
		{19F67EBB-6004-4765-8B02-E2C547BFEF25}.Debug|Any CPU.ActiveCfg = Debug|Any CPU
		{19F67EBB-6004-4765-8B02-E2C547BFEF25}.Debug|Any CPU.Build.0 = Debug|Any CPU
		{19F67EBB-6004-4765-8B02-E2C547BFEF25}.Release|Any CPU.ActiveCfg = Release|Any CPU
		{19F67EBB-6004-4765-8B02-E2C547BFEF25}.Release|Any CPU.Build.0 = Release|Any CPU
		{F53A4E41-5721-436E-9C09-FE29AB177A52}.Debug|Any CPU.ActiveCfg = Debug|Any CPU
		{F53A4E41-5721-436E-9C09-FE29AB177A52}.Debug|Any CPU.Build.0 = Debug|Any CPU
		{F53A4E41-5721-436E-9C09-FE29AB177A52}.Release|Any CPU.ActiveCfg = Release|Any CPU
		{F53A4E41-5721-436E-9C09-FE29AB177A52}.Release|Any CPU.Build.0 = Release|Any CPU
	EndGlobalSection
	GlobalSection(SolutionProperties) = preSolution
		HideSolutionNode = FALSE
	EndGlobalSection
	GlobalSection(NestedProjects) = preSolution
		{2EA98AE6-07B8-46FE-8C91-E20F56A70BC6} = {130BBA48-2E55-4E7A-986A-55ECE74D3C79}
		{274CCBC2-58AD-4BD0-9004-37929DFE873A} = {1990882D-1D36-49C9-8F67-06B689E56BD3}
		{82DC2CF3-1FE9-46CB-B37A-F505046CB92D} = {5F825453-62C3-41C9-886A-32462B64CA05}
		{1990882D-1D36-49C9-8F67-06B689E56BD3} = {5F3305B1-50FF-4ECE-9208-FA515055ECFA}
		{130BBA48-2E55-4E7A-986A-55ECE74D3C79} = {5F3305B1-50FF-4ECE-9208-FA515055ECFA}
		{5F825453-62C3-41C9-886A-32462B64CA05} = {5F3305B1-50FF-4ECE-9208-FA515055ECFA}
		{8FCA31AE-E1BB-4073-B927-741E0A49F9FC} = {130BBA48-2E55-4E7A-986A-55ECE74D3C79}
		{E12659AA-01CF-4940-AB56-7EA70079C828} = {130BBA48-2E55-4E7A-986A-55ECE74D3C79}
		{C4F5C053-C4B8-4326-AE43-A91517EF1DF6} = {E12659AA-01CF-4940-AB56-7EA70079C828}
		{D3B9323C-24AC-410A-B782-85702C7A5FDE} = {1990882D-1D36-49C9-8F67-06B689E56BD3}
		{19F67EBB-6004-4765-8B02-E2C547BFEF25} = {D3B9323C-24AC-410A-B782-85702C7A5FDE}
		{F53A4E41-5721-436E-9C09-FE29AB177A52} = {E12659AA-01CF-4940-AB56-7EA70079C828}
	EndGlobalSection
	GlobalSection(ExtensibilityGlobals) = postSolution
		SolutionGuid = {A3AD28D1-D6F9-4A38-A5F5-60534C0547C9}
	EndGlobalSection
EndGlobal
